
Microsoft Visual Studio Solution File, Format Version 12.00
# Visual Studio Version 17
VisualStudioVersion = 17.6.33815.320
MinimumVisualStudioVersion = 10.0.40219.1
Project("{FAE04EC0-301F-11D3-BF4B-00C04F79EFBC}") = "SqlConnected", "SqlConnected.csproj", "{5EAE2DA8-ECB2-45BD-B793-13A63408E760}"
EndProject
Global
	GlobalSection(SolutionConfigurationPlatforms) = preSolution
		Debug|Any CPU = Debug|Any CPU
		Release|Any CPU = Release|Any CPU
	EndGlobalSection
	GlobalSection(ProjectConfigurationPlatforms) = postSolution
		{5EAE2DA8-ECB2-45BD-B793-13A63408E760}.Debug|Any CPU.ActiveCfg = Debug|Any CPU
		{5EAE2DA8-ECB2-45BD-B793-13A63408E760}.Debug|Any CPU.Build.0 = Debug|Any CPU
		{5EAE2DA8-ECB2-45BD-B793-13A63408E760}.Release|Any CPU.ActiveCfg = Release|Any CPU
		{5EAE2DA8-ECB2-45BD-B793-13A63408E760}.Release|Any CPU.Build.0 = Release|Any CPU
	EndGlobalSection
	GlobalSection(SolutionProperties) = preSolution
		HideSolutionNode = FALSE
	EndGlobalSection
	GlobalSection(ExtensibilityGlobals) = postSolution
		SolutionGuid = {E5590A76-3242-48F0-A85B-471B58C4FC41}
	EndGlobalSection
EndGlobal
