
Microsoft Visual Studio Solution File, Format Version 12.00
# Visual Studio Version 17
VisualStudioVersion = 17.6.33815.320
MinimumVisualStudioVersion = 10.0.40219.1
Project("{FAE04EC0-301F-11D3-BF4B-00C04F79EFBC}") = "EmployProject", "EmployProject.csproj", "{03E6DECD-357B-4660-A533-A204F71311DD}"
EndProject
Global
	GlobalSection(SolutionConfigurationPlatforms) = preSolution
		Debug|Any CPU = Debug|Any CPU
		Release|Any CPU = Release|Any CPU
	EndGlobalSection
	GlobalSection(ProjectConfigurationPlatforms) = postSolution
		{03E6DECD-357B-4660-A533-A204F71311DD}.Debug|Any CPU.ActiveCfg = Debug|Any CPU
		{03E6DECD-357B-4660-A533-A204F71311DD}.Debug|Any CPU.Build.0 = Debug|Any CPU
		{03E6DECD-357B-4660-A533-A204F71311DD}.Release|Any CPU.ActiveCfg = Release|Any CPU
		{03E6DECD-357B-4660-A533-A204F71311DD}.Release|Any CPU.Build.0 = Release|Any CPU
	EndGlobalSection
	GlobalSection(SolutionProperties) = preSolution
		HideSolutionNode = FALSE
	EndGlobalSection
	GlobalSection(ExtensibilityGlobals) = postSolution
		SolutionGuid = {BE6D30FF-91BB-4639-9808-1A44ED93D984}
	EndGlobalSection
EndGlobal
