
Microsoft Visual Studio Solution File, Format Version 12.00
# Visual Studio Version 17
VisualStudioVersion = 17.6.33815.320
MinimumVisualStudioVersion = 10.0.40219.1
Project("{FAE04EC0-301F-11D3-BF4B-00C04F79EFBC}") = "inheritance", "inheritance.csproj", "{4912B9AC-8887-4070-A104-3A33AB638F59}"
EndProject
Global
	GlobalSection(SolutionConfigurationPlatforms) = preSolution
		Debug|Any CPU = Debug|Any CPU
		Release|Any CPU = Release|Any CPU
	EndGlobalSection
	GlobalSection(ProjectConfigurationPlatforms) = postSolution
		{4912B9AC-8887-4070-A104-3A33AB638F59}.Debug|Any CPU.ActiveCfg = Debug|Any CPU
		{4912B9AC-8887-4070-A104-3A33AB638F59}.Debug|Any CPU.Build.0 = Debug|Any CPU
		{4912B9AC-8887-4070-A104-3A33AB638F59}.Release|Any CPU.ActiveCfg = Release|Any CPU
		{4912B9AC-8887-4070-A104-3A33AB638F59}.Release|Any CPU.Build.0 = Release|Any CPU
	EndGlobalSection
	GlobalSection(SolutionProperties) = preSolution
		HideSolutionNode = FALSE
	EndGlobalSection
	GlobalSection(ExtensibilityGlobals) = postSolution
		SolutionGuid = {EA54385B-2EE1-48FE-B36B-7CC3A9109A40}
	EndGlobalSection
EndGlobal
