
Microsoft Visual Studio Solution File, Format Version 12.00
# Visual Studio Version 17
VisualStudioVersion = 17.6.33815.320
MinimumVisualStudioVersion = 10.0.40219.1
Project("{FAE04EC0-301F-11D3-BF4B-00C04F79EFBC}") = "ConsoleApp1", "ConsoleApp1.csproj", "{07930E31-82A6-40AE-B9BE-D0766E00D9EA}"
EndProject
Global
	GlobalSection(SolutionConfigurationPlatforms) = preSolution
		Debug|Any CPU = Debug|Any CPU
		Release|Any CPU = Release|Any CPU
	EndGlobalSection
	GlobalSection(ProjectConfigurationPlatforms) = postSolution
		{07930E31-82A6-40AE-B9BE-D0766E00D9EA}.Debug|Any CPU.ActiveCfg = Debug|Any CPU
		{07930E31-82A6-40AE-B9BE-D0766E00D9EA}.Debug|Any CPU.Build.0 = Debug|Any CPU
		{07930E31-82A6-40AE-B9BE-D0766E00D9EA}.Release|Any CPU.ActiveCfg = Release|Any CPU
		{07930E31-82A6-40AE-B9BE-D0766E00D9EA}.Release|Any CPU.Build.0 = Release|Any CPU
	EndGlobalSection
	GlobalSection(SolutionProperties) = preSolution
		HideSolutionNode = FALSE
	EndGlobalSection
	GlobalSection(ExtensibilityGlobals) = postSolution
		SolutionGuid = {786DC9CE-8053-4EC5-A282-64B39634EA6C}
	EndGlobalSection
EndGlobal
