
Microsoft Visual Studio Solution File, Format Version 12.00
# Visual Studio Version 17
VisualStudioVersion = 17.6.33815.320
MinimumVisualStudioVersion = 10.0.40219.1
Project("{FAE04EC0-301F-11D3-BF4B-00C04F79EFBC}") = "ConsolAppDllImpl", "..\ConsolAppDllImpl\ConsolAppDllImpl.csproj", "{A08BD35E-9F51-4B4B-9966-8CEA1D8C0375}"
EndProject
Project("{FAE04EC0-301F-11D3-BF4B-00C04F79EFBC}") = "DllConsole", "..\DllConsole\DllConsole.csproj", "{2F62FCD0-DEC3-4741-A72E-CEC0A7FE5C30}"
EndProject
Global
	GlobalSection(SolutionConfigurationPlatforms) = preSolution
		Debug|Any CPU = Debug|Any CPU
		Release|Any CPU = Release|Any CPU
	EndGlobalSection
	GlobalSection(ProjectConfigurationPlatforms) = postSolution
		{A08BD35E-9F51-4B4B-9966-8CEA1D8C0375}.Debug|Any CPU.ActiveCfg = Debug|Any CPU
		{A08BD35E-9F51-4B4B-9966-8CEA1D8C0375}.Debug|Any CPU.Build.0 = Debug|Any CPU
		{A08BD35E-9F51-4B4B-9966-8CEA1D8C0375}.Release|Any CPU.ActiveCfg = Release|Any CPU
		{A08BD35E-9F51-4B4B-9966-8CEA1D8C0375}.Release|Any CPU.Build.0 = Release|Any CPU
		{2F62FCD0-DEC3-4741-A72E-CEC0A7FE5C30}.Debug|Any CPU.ActiveCfg = Debug|Any CPU
		{2F62FCD0-DEC3-4741-A72E-CEC0A7FE5C30}.Debug|Any CPU.Build.0 = Debug|Any CPU
		{2F62FCD0-DEC3-4741-A72E-CEC0A7FE5C30}.Release|Any CPU.ActiveCfg = Release|Any CPU
		{2F62FCD0-DEC3-4741-A72E-CEC0A7FE5C30}.Release|Any CPU.Build.0 = Release|Any CPU
	EndGlobalSection
	GlobalSection(SolutionProperties) = preSolution
		HideSolutionNode = FALSE
	EndGlobalSection
	GlobalSection(ExtensibilityGlobals) = postSolution
		SolutionGuid = {39229083-53A2-4A44-A451-00A051CB8A68}
	EndGlobalSection
EndGlobal
